
Microsoft Visual Studio Solution File, Format Version 12.00
# Visual Studio 2012
Project("{FAE04EC0-301F-11D3-BF4B-00C04F79EFBC}") = "MiProyectoFinalAsp", "MiProyectoFinalAsp\MiProyectoFinalAsp.csproj", "{3F82736F-85D2-41F3-A748-CC83DA9118F5}"
EndProject
Global
	GlobalSection(SolutionConfigurationPlatforms) = preSolution
		Debug|Any CPU = Debug|Any CPU
		Release|Any CPU = Release|Any CPU
	EndGlobalSection
	GlobalSection(ProjectConfigurationPlatforms) = postSolution
		{3F82736F-85D2-41F3-A748-CC83DA9118F5}.Debug|Any CPU.ActiveCfg = Debug|Any CPU
		{3F82736F-85D2-41F3-A748-CC83DA9118F5}.Debug|Any CPU.Build.0 = Debug|Any CPU
		{3F82736F-85D2-41F3-A748-CC83DA9118F5}.Release|Any CPU.ActiveCfg = Release|Any CPU
		{3F82736F-85D2-41F3-A748-CC83DA9118F5}.Release|Any CPU.Build.0 = Release|Any CPU
	EndGlobalSection
	GlobalSection(SolutionProperties) = preSolution
		HideSolutionNode = FALSE
	EndGlobalSection
EndGlobal
