
Microsoft Visual Studio Solution File, Format Version 12.00
# Visual Studio 2012
Project("{FAE04EC0-301F-11D3-BF4B-00C04F79EFBC}") = "winformlistarconDatareader2", "winformlistarconDatareader2\winformlistarconDatareader2.csproj", "{B1CF4D8E-622E-4DF0-9042-C389A25E7B7D}"
EndProject
Global
	GlobalSection(SolutionConfigurationPlatforms) = preSolution
		Debug|Any CPU = Debug|Any CPU
		Release|Any CPU = Release|Any CPU
	EndGlobalSection
	GlobalSection(ProjectConfigurationPlatforms) = postSolution
		{B1CF4D8E-622E-4DF0-9042-C389A25E7B7D}.Debug|Any CPU.ActiveCfg = Debug|Any CPU
		{B1CF4D8E-622E-4DF0-9042-C389A25E7B7D}.Debug|Any CPU.Build.0 = Debug|Any CPU
		{B1CF4D8E-622E-4DF0-9042-C389A25E7B7D}.Release|Any CPU.ActiveCfg = Release|Any CPU
		{B1CF4D8E-622E-4DF0-9042-C389A25E7B7D}.Release|Any CPU.Build.0 = Release|Any CPU
	EndGlobalSection
	GlobalSection(SolutionProperties) = preSolution
		HideSolutionNode = FALSE
	EndGlobalSection
EndGlobal
