
Microsoft Visual Studio Solution File, Format Version 12.00
# Visual Studio 2012
Project("{FAE04EC0-301F-11D3-BF4B-00C04F79EFBC}") = "ADO_compactEdition", "ADO_compactEdition\ADO_compactEdition.csproj", "{57F254B8-7DFF-4A54-ACD5-B5228D8D8A10}"
EndProject
Global
	GlobalSection(SolutionConfigurationPlatforms) = preSolution
		Debug|Any CPU = Debug|Any CPU
		Release|Any CPU = Release|Any CPU
	EndGlobalSection
	GlobalSection(ProjectConfigurationPlatforms) = postSolution
		{57F254B8-7DFF-4A54-ACD5-B5228D8D8A10}.Debug|Any CPU.ActiveCfg = Debug|Any CPU
		{57F254B8-7DFF-4A54-ACD5-B5228D8D8A10}.Debug|Any CPU.Build.0 = Debug|Any CPU
		{57F254B8-7DFF-4A54-ACD5-B5228D8D8A10}.Release|Any CPU.ActiveCfg = Release|Any CPU
		{57F254B8-7DFF-4A54-ACD5-B5228D8D8A10}.Release|Any CPU.Build.0 = Release|Any CPU
	EndGlobalSection
	GlobalSection(SolutionProperties) = preSolution
		HideSolutionNode = FALSE
	EndGlobalSection
EndGlobal
