
Microsoft Visual Studio Solution File, Format Version 12.00
# Visual Studio 2012
Project("{FAE04EC0-301F-11D3-BF4B-00C04F79EFBC}") = "Aplicacion_FastandFood_ASP", "Aplicacion_FastandFood_ASP\Aplicacion_FastandFood_ASP.csproj", "{BCC51718-82DB-4873-ACED-AA1F300F93E9}"
EndProject
Global
	GlobalSection(SolutionConfigurationPlatforms) = preSolution
		Debug|Any CPU = Debug|Any CPU
		Release|Any CPU = Release|Any CPU
	EndGlobalSection
	GlobalSection(ProjectConfigurationPlatforms) = postSolution
		{BCC51718-82DB-4873-ACED-AA1F300F93E9}.Debug|Any CPU.ActiveCfg = Debug|Any CPU
		{BCC51718-82DB-4873-ACED-AA1F300F93E9}.Debug|Any CPU.Build.0 = Debug|Any CPU
		{BCC51718-82DB-4873-ACED-AA1F300F93E9}.Release|Any CPU.ActiveCfg = Release|Any CPU
		{BCC51718-82DB-4873-ACED-AA1F300F93E9}.Release|Any CPU.Build.0 = Release|Any CPU
	EndGlobalSection
	GlobalSection(SolutionProperties) = preSolution
		HideSolutionNode = FALSE
	EndGlobalSection
EndGlobal
