
Microsoft Visual Studio Solution File, Format Version 11.00
# Visual C# Express 2010
Project("{FAE04EC0-301F-11D3-BF4B-00C04F79EFBC}") = "Interface", "Interface\Interface.csproj", "{102DE5D1-9F97-4359-A779-6C41718BA08F}"
EndProject
Global
	GlobalSection(SolutionConfigurationPlatforms) = preSolution
		Debug|x86 = Debug|x86
		Release|x86 = Release|x86
	EndGlobalSection
	GlobalSection(ProjectConfigurationPlatforms) = postSolution
		{102DE5D1-9F97-4359-A779-6C41718BA08F}.Debug|x86.ActiveCfg = Debug|x86
		{102DE5D1-9F97-4359-A779-6C41718BA08F}.Debug|x86.Build.0 = Debug|x86
		{102DE5D1-9F97-4359-A779-6C41718BA08F}.Release|x86.ActiveCfg = Release|x86
		{102DE5D1-9F97-4359-A779-6C41718BA08F}.Release|x86.Build.0 = Release|x86
	EndGlobalSection
	GlobalSection(SolutionProperties) = preSolution
		HideSolutionNode = FALSE
	EndGlobalSection
EndGlobal
