
Microsoft Visual Studio Solution File, Format Version 12.00
# Visual Studio 2012
Project("{FAE04EC0-301F-11D3-BF4B-00C04F79EFBC}") = "Arreglos2_Csharp", "Arreglos2_Csharp\Arreglos2_Csharp.csproj", "{8EE572F7-7024-4BA6-9D58-A304EB9FD9BD}"
EndProject
Global
	GlobalSection(SolutionConfigurationPlatforms) = preSolution
		Debug|Any CPU = Debug|Any CPU
		Release|Any CPU = Release|Any CPU
	EndGlobalSection
	GlobalSection(ProjectConfigurationPlatforms) = postSolution
		{8EE572F7-7024-4BA6-9D58-A304EB9FD9BD}.Debug|Any CPU.ActiveCfg = Debug|Any CPU
		{8EE572F7-7024-4BA6-9D58-A304EB9FD9BD}.Debug|Any CPU.Build.0 = Debug|Any CPU
		{8EE572F7-7024-4BA6-9D58-A304EB9FD9BD}.Release|Any CPU.ActiveCfg = Release|Any CPU
		{8EE572F7-7024-4BA6-9D58-A304EB9FD9BD}.Release|Any CPU.Build.0 = Release|Any CPU
	EndGlobalSection
	GlobalSection(SolutionProperties) = preSolution
		HideSolutionNode = FALSE
	EndGlobalSection
EndGlobal
