
Microsoft Visual Studio Solution File, Format Version 12.00
# Visual Studio 2012
Project("{FAE04EC0-301F-11D3-BF4B-00C04F79EFBC}") = "Collections1_1", "Collections1_1\Collections1_1.csproj", "{C5DFB8A8-C824-4208-B2C0-EF069C852A1A}"
EndProject
Global
	GlobalSection(SolutionConfigurationPlatforms) = preSolution
		Debug|Any CPU = Debug|Any CPU
		Release|Any CPU = Release|Any CPU
	EndGlobalSection
	GlobalSection(ProjectConfigurationPlatforms) = postSolution
		{C5DFB8A8-C824-4208-B2C0-EF069C852A1A}.Debug|Any CPU.ActiveCfg = Debug|Any CPU
		{C5DFB8A8-C824-4208-B2C0-EF069C852A1A}.Debug|Any CPU.Build.0 = Debug|Any CPU
		{C5DFB8A8-C824-4208-B2C0-EF069C852A1A}.Release|Any CPU.ActiveCfg = Release|Any CPU
		{C5DFB8A8-C824-4208-B2C0-EF069C852A1A}.Release|Any CPU.Build.0 = Release|Any CPU
	EndGlobalSection
	GlobalSection(SolutionProperties) = preSolution
		HideSolutionNode = FALSE
	EndGlobalSection
EndGlobal
